
Microsoft Visual Studio Solution File, Format Version 12.00
# Visual Studio Version 17
VisualStudioVersion = 17.6.33829.357
MinimumVisualStudioVersion = 10.0.40219.1
Project("{9A19103F-16F7-4668-BE54-9A1E7A4F7556}") = "wpfPopup", "wpfPopup\wpfPopup.csproj", "{E4291E1A-6231-4EF1-868B-6EBAB8D3830C}"
EndProject
Project("{9A19103F-16F7-4668-BE54-9A1E7A4F7556}") = "wpfPopup.Frame", "wpfPopup.Frame\wpfPopup.Frame.csproj", "{27E01A96-EFA6-44BC-9852-148ACC26AEAC}"
EndProject
Project("{9A19103F-16F7-4668-BE54-9A1E7A4F7556}") = "wpfPopup.Global", "wpfPopup.Global\wpfPopup.Global.csproj", "{74B0F476-B2D6-4559-906B-2E8F40AE9ECF}"
EndProject
Project("{FAE04EC0-301F-11D3-BF4B-00C04F79EFBC}") = "wpfPopup.Popup", "wpfPopup.Popup\wpfPopup.Popup.csproj", "{6DE67014-DE0C-45ED-A621-CF39CEA01BC0}"
EndProject
Global
	GlobalSection(SolutionConfigurationPlatforms) = preSolution
		Debug|Any CPU = Debug|Any CPU
		Release|Any CPU = Release|Any CPU
	EndGlobalSection
	GlobalSection(ProjectConfigurationPlatforms) = postSolution
		{E4291E1A-6231-4EF1-868B-6EBAB8D3830C}.Debug|Any CPU.ActiveCfg = Debug|Any CPU
		{E4291E1A-6231-4EF1-868B-6EBAB8D3830C}.Debug|Any CPU.Build.0 = Debug|Any CPU
		{E4291E1A-6231-4EF1-868B-6EBAB8D3830C}.Release|Any CPU.ActiveCfg = Release|Any CPU
		{E4291E1A-6231-4EF1-868B-6EBAB8D3830C}.Release|Any CPU.Build.0 = Release|Any CPU
		{27E01A96-EFA6-44BC-9852-148ACC26AEAC}.Debug|Any CPU.ActiveCfg = Debug|Any CPU
		{27E01A96-EFA6-44BC-9852-148ACC26AEAC}.Debug|Any CPU.Build.0 = Debug|Any CPU
		{27E01A96-EFA6-44BC-9852-148ACC26AEAC}.Release|Any CPU.ActiveCfg = Release|Any CPU
		{27E01A96-EFA6-44BC-9852-148ACC26AEAC}.Release|Any CPU.Build.0 = Release|Any CPU
		{74B0F476-B2D6-4559-906B-2E8F40AE9ECF}.Debug|Any CPU.ActiveCfg = Debug|Any CPU
		{74B0F476-B2D6-4559-906B-2E8F40AE9ECF}.Debug|Any CPU.Build.0 = Debug|Any CPU
		{74B0F476-B2D6-4559-906B-2E8F40AE9ECF}.Release|Any CPU.ActiveCfg = Release|Any CPU
		{74B0F476-B2D6-4559-906B-2E8F40AE9ECF}.Release|Any CPU.Build.0 = Release|Any CPU
		{6DE67014-DE0C-45ED-A621-CF39CEA01BC0}.Debug|Any CPU.ActiveCfg = Debug|Any CPU
		{6DE67014-DE0C-45ED-A621-CF39CEA01BC0}.Debug|Any CPU.Build.0 = Debug|Any CPU
		{6DE67014-DE0C-45ED-A621-CF39CEA01BC0}.Release|Any CPU.ActiveCfg = Release|Any CPU
		{6DE67014-DE0C-45ED-A621-CF39CEA01BC0}.Release|Any CPU.Build.0 = Release|Any CPU
	EndGlobalSection
	GlobalSection(SolutionProperties) = preSolution
		HideSolutionNode = FALSE
	EndGlobalSection
	GlobalSection(ExtensibilityGlobals) = postSolution
		SolutionGuid = {C72DF07C-9C36-4913-BB3B-8C4E28840808}
	EndGlobalSection
EndGlobal
