
Microsoft Visual Studio Solution File, Format Version 12.00
# Visual Studio Version 17
VisualStudioVersion = 17.6.33829.357
MinimumVisualStudioVersion = 10.0.40219.1
Project("{FAE04EC0-301F-11D3-BF4B-00C04F79EFBC}") = "wpfDispatcher", "wpfThreadExample\wpfDispatcher.csproj", "{AD0B63B7-63A2-42E8-9B49-3EAFAA459282}"
EndProject
Global
	GlobalSection(SolutionConfigurationPlatforms) = preSolution
		Debug|Any CPU = Debug|Any CPU
		Release|Any CPU = Release|Any CPU
	EndGlobalSection
	GlobalSection(ProjectConfigurationPlatforms) = postSolution
		{AD0B63B7-63A2-42E8-9B49-3EAFAA459282}.Debug|Any CPU.ActiveCfg = Debug|Any CPU
		{AD0B63B7-63A2-42E8-9B49-3EAFAA459282}.Debug|Any CPU.Build.0 = Debug|Any CPU
		{AD0B63B7-63A2-42E8-9B49-3EAFAA459282}.Release|Any CPU.ActiveCfg = Release|Any CPU
		{AD0B63B7-63A2-42E8-9B49-3EAFAA459282}.Release|Any CPU.Build.0 = Release|Any CPU
	EndGlobalSection
	GlobalSection(SolutionProperties) = preSolution
		HideSolutionNode = FALSE
	EndGlobalSection
	GlobalSection(ExtensibilityGlobals) = postSolution
		SolutionGuid = {714F3904-014D-4BBB-9083-28033C0FDA2E}
	EndGlobalSection
EndGlobal
