
Microsoft Visual Studio Solution File, Format Version 12.00
# Visual Studio Version 17
VisualStudioVersion = 17.6.33829.357
MinimumVisualStudioVersion = 10.0.40219.1
Project("{9A19103F-16F7-4668-BE54-9A1E7A4F7556}") = "Animation_Rotating_PathGeometry", "wpfAnimation\Animation_Rotating_PathGeometry.csproj", "{5B6E20EF-A5A0-44A3-A9C8-92CDF9E93DB7}"
EndProject
Project("{9A19103F-16F7-4668-BE54-9A1E7A4F7556}") = "wpfControlBiggerAnimation", "wpfControlBiggerAnimation\wpfControlBiggerAnimation.csproj", "{C4A53292-EA54-47CF-A651-F27C7EFF83F3}"
EndProject
Project("{9A19103F-16F7-4668-BE54-9A1E7A4F7556}") = "wpfControlOpacityAnimation", "wpfControlOpacityAnimation\wpfControlOpacityAnimation.csproj", "{66826F9B-2B86-4458-9D0F-6C14E9B07AB4}"
EndProject
Project("{9A19103F-16F7-4668-BE54-9A1E7A4F7556}") = "wpfChageColorButton", "wpfChageColorButton\wpfChageColorButton.csproj", "{8527B5B6-5EC8-4211-90D3-9C88A01CEA62}"
EndProject
Project("{9A19103F-16F7-4668-BE54-9A1E7A4F7556}") = "wpfSVGTest", "wpfSVGTest\wpfSVGTest.csproj", "{695981A4-26E6-4368-8992-C12682EB4654}"
EndProject
Project("{9A19103F-16F7-4668-BE54-9A1E7A4F7556}") = "wpfMouseTrackBitEarthworm", "wpfMouseTrackBitEarthworm\wpfMouseTrackBitEarthworm.csproj", "{335D588B-E254-4563-B34D-E4E4FFF4A716}"
EndProject
Project("{9A19103F-16F7-4668-BE54-9A1E7A4F7556}") = "Custom.Wpf", "..\wpfCustom.Lib\Custom.Wpf\Custom.Wpf.csproj", "{E2A306D1-D11C-443B-B85E-D7C0FCEE91B0}"
EndProject
Project("{9A19103F-16F7-4668-BE54-9A1E7A4F7556}") = "Design", "..\wpfCustom.Lib\wpfDesign\Design.csproj", "{9BFA1425-8D74-4DC6-8C9C-73B4B26BBE80}"
EndProject
Project("{9A19103F-16F7-4668-BE54-9A1E7A4F7556}") = "wpfSiderBarMenu", "wpfSiderBarMenu\wpfSiderBarMenu.csproj", "{876922D3-482E-4F46-9673-4DF021D6653B}"
EndProject
Project("{9A19103F-16F7-4668-BE54-9A1E7A4F7556}") = "wpfLockButton", "wpfLockButton\wpfLockButton.csproj", "{556B729C-CE82-4980-99EE-678D5672C39F}"
EndProject
Project("{9A19103F-16F7-4668-BE54-9A1E7A4F7556}") = "wpfVerticalTabControl", "wpfVerticalTabControl\wpfVerticalTabControl.csproj", "{C968610C-1D08-4BB4-BFE9-567AA4209670}"
EndProject
Project("{9A19103F-16F7-4668-BE54-9A1E7A4F7556}") = "wpfHintTextBox", "wpfHintTextBox\wpfHintTextBox.csproj", "{B596D714-C682-4527-B0F4-53044B823C4F}"
EndProject
Project("{9A19103F-16F7-4668-BE54-9A1E7A4F7556}") = "wpfCautionTextbox", "wpfCautionTextbox\wpfCautionTextbox.csproj", "{75299DB7-91F5-4318-BC97-049757C0E237}"
EndProject
Project("{9A19103F-16F7-4668-BE54-9A1E7A4F7556}") = "wpfBarGaugeBar", "wpfBarGaugeBar\wpfBarGaugeBar.csproj", "{C400C96C-6DF0-4FD3-AE08-E118C18AC9E4}"
EndProject
Project("{FAE04EC0-301F-11D3-BF4B-00C04F79EFBC}") = "wpfBearingVaildTextblockTest", "wpfBearingVaildTextblockTest\wpfBearingVaildTextblockTest.csproj", "{C2988DAA-4689-49D9-A608-386534319EC1}"
EndProject
Project("{9A19103F-16F7-4668-BE54-9A1E7A4F7556}") = "wpfCircleProgressbar", "wpfCircleProgressbar\wpfCircleProgressbar.csproj", "{DC55B1E8-B644-42B3-9C43-75987970B096}"
EndProject
Project("{9A19103F-16F7-4668-BE54-9A1E7A4F7556}") = "wpfDragableCanvas", "wpfDragableCanvas\wpfDragableCanvas.csproj", "{73C38B48-C00F-4AB8-BF5C-4E609F3B878F}"
EndProject
Project("{2150E333-8FDC-42A3-9474-1A3956D46DE8}") = "Image", "Image", "{EF3A2062-AA72-43CB-9D5B-42E84E63BDD9}"
EndProject
Project("{2150E333-8FDC-42A3-9474-1A3956D46DE8}") = "Tool", "Tool", "{BEFC7F00-5027-451C-9597-16DD1336E4F6}"
EndProject
Project("{2150E333-8FDC-42A3-9474-1A3956D46DE8}") = "Animation", "Animation", "{DC76DAF9-D625-441B-90F2-327B83757B98}"
EndProject
Project("{2150E333-8FDC-42A3-9474-1A3956D46DE8}") = "Layout", "Layout", "{091AD5BE-6886-4D81-92FB-B701D3997995}"
EndProject
Project("{2150E333-8FDC-42A3-9474-1A3956D46DE8}") = "Control", "Control", "{1AEA2659-C598-4E02-BA5C-AFFE5557BCAB}"
EndProject
Project("{FAE04EC0-301F-11D3-BF4B-00C04F79EFBC}") = "ModalControl", "ModalControl\ModalControl.csproj", "{C502EAE2-4915-4FBD-82C3-5AF29DEFA5B4}"
EndProject
Project("{FAE04EC0-301F-11D3-BF4B-00C04F79EFBC}") = "LoadingSpinnerControl", "LoadingSpinnerControl\LoadingSpinnerControl.csproj", "{EE953408-DCA9-450D-905B-2C40790B0732}"
EndProject
Global
	GlobalSection(SolutionConfigurationPlatforms) = preSolution
		Debug|Any CPU = Debug|Any CPU
		Release|Any CPU = Release|Any CPU
	EndGlobalSection
	GlobalSection(ProjectConfigurationPlatforms) = postSolution
		{5B6E20EF-A5A0-44A3-A9C8-92CDF9E93DB7}.Debug|Any CPU.ActiveCfg = Debug|Any CPU
		{5B6E20EF-A5A0-44A3-A9C8-92CDF9E93DB7}.Debug|Any CPU.Build.0 = Debug|Any CPU
		{5B6E20EF-A5A0-44A3-A9C8-92CDF9E93DB7}.Release|Any CPU.ActiveCfg = Release|Any CPU
		{5B6E20EF-A5A0-44A3-A9C8-92CDF9E93DB7}.Release|Any CPU.Build.0 = Release|Any CPU
		{C4A53292-EA54-47CF-A651-F27C7EFF83F3}.Debug|Any CPU.ActiveCfg = Debug|Any CPU
		{C4A53292-EA54-47CF-A651-F27C7EFF83F3}.Debug|Any CPU.Build.0 = Debug|Any CPU
		{C4A53292-EA54-47CF-A651-F27C7EFF83F3}.Release|Any CPU.ActiveCfg = Release|Any CPU
		{C4A53292-EA54-47CF-A651-F27C7EFF83F3}.Release|Any CPU.Build.0 = Release|Any CPU
		{66826F9B-2B86-4458-9D0F-6C14E9B07AB4}.Debug|Any CPU.ActiveCfg = Debug|Any CPU
		{66826F9B-2B86-4458-9D0F-6C14E9B07AB4}.Debug|Any CPU.Build.0 = Debug|Any CPU
		{66826F9B-2B86-4458-9D0F-6C14E9B07AB4}.Release|Any CPU.ActiveCfg = Release|Any CPU
		{66826F9B-2B86-4458-9D0F-6C14E9B07AB4}.Release|Any CPU.Build.0 = Release|Any CPU
		{8527B5B6-5EC8-4211-90D3-9C88A01CEA62}.Debug|Any CPU.ActiveCfg = Debug|Any CPU
		{8527B5B6-5EC8-4211-90D3-9C88A01CEA62}.Debug|Any CPU.Build.0 = Debug|Any CPU
		{8527B5B6-5EC8-4211-90D3-9C88A01CEA62}.Release|Any CPU.ActiveCfg = Release|Any CPU
		{8527B5B6-5EC8-4211-90D3-9C88A01CEA62}.Release|Any CPU.Build.0 = Release|Any CPU
		{695981A4-26E6-4368-8992-C12682EB4654}.Debug|Any CPU.ActiveCfg = Debug|Any CPU
		{695981A4-26E6-4368-8992-C12682EB4654}.Debug|Any CPU.Build.0 = Debug|Any CPU
		{695981A4-26E6-4368-8992-C12682EB4654}.Release|Any CPU.ActiveCfg = Release|Any CPU
		{695981A4-26E6-4368-8992-C12682EB4654}.Release|Any CPU.Build.0 = Release|Any CPU
		{335D588B-E254-4563-B34D-E4E4FFF4A716}.Debug|Any CPU.ActiveCfg = Debug|Any CPU
		{335D588B-E254-4563-B34D-E4E4FFF4A716}.Debug|Any CPU.Build.0 = Debug|Any CPU
		{335D588B-E254-4563-B34D-E4E4FFF4A716}.Release|Any CPU.ActiveCfg = Release|Any CPU
		{335D588B-E254-4563-B34D-E4E4FFF4A716}.Release|Any CPU.Build.0 = Release|Any CPU
		{E2A306D1-D11C-443B-B85E-D7C0FCEE91B0}.Debug|Any CPU.ActiveCfg = Debug|Any CPU
		{E2A306D1-D11C-443B-B85E-D7C0FCEE91B0}.Debug|Any CPU.Build.0 = Debug|Any CPU
		{E2A306D1-D11C-443B-B85E-D7C0FCEE91B0}.Release|Any CPU.ActiveCfg = Release|Any CPU
		{E2A306D1-D11C-443B-B85E-D7C0FCEE91B0}.Release|Any CPU.Build.0 = Release|Any CPU
		{9BFA1425-8D74-4DC6-8C9C-73B4B26BBE80}.Debug|Any CPU.ActiveCfg = Debug|Any CPU
		{9BFA1425-8D74-4DC6-8C9C-73B4B26BBE80}.Debug|Any CPU.Build.0 = Debug|Any CPU
		{9BFA1425-8D74-4DC6-8C9C-73B4B26BBE80}.Release|Any CPU.ActiveCfg = Release|Any CPU
		{9BFA1425-8D74-4DC6-8C9C-73B4B26BBE80}.Release|Any CPU.Build.0 = Release|Any CPU
		{876922D3-482E-4F46-9673-4DF021D6653B}.Debug|Any CPU.ActiveCfg = Debug|Any CPU
		{876922D3-482E-4F46-9673-4DF021D6653B}.Debug|Any CPU.Build.0 = Debug|Any CPU
		{876922D3-482E-4F46-9673-4DF021D6653B}.Release|Any CPU.ActiveCfg = Release|Any CPU
		{876922D3-482E-4F46-9673-4DF021D6653B}.Release|Any CPU.Build.0 = Release|Any CPU
		{556B729C-CE82-4980-99EE-678D5672C39F}.Debug|Any CPU.ActiveCfg = Debug|Any CPU
		{556B729C-CE82-4980-99EE-678D5672C39F}.Debug|Any CPU.Build.0 = Debug|Any CPU
		{556B729C-CE82-4980-99EE-678D5672C39F}.Release|Any CPU.ActiveCfg = Release|Any CPU
		{556B729C-CE82-4980-99EE-678D5672C39F}.Release|Any CPU.Build.0 = Release|Any CPU
		{C968610C-1D08-4BB4-BFE9-567AA4209670}.Debug|Any CPU.ActiveCfg = Debug|Any CPU
		{C968610C-1D08-4BB4-BFE9-567AA4209670}.Debug|Any CPU.Build.0 = Debug|Any CPU
		{C968610C-1D08-4BB4-BFE9-567AA4209670}.Release|Any CPU.ActiveCfg = Release|Any CPU
		{C968610C-1D08-4BB4-BFE9-567AA4209670}.Release|Any CPU.Build.0 = Release|Any CPU
		{B596D714-C682-4527-B0F4-53044B823C4F}.Debug|Any CPU.ActiveCfg = Debug|Any CPU
		{B596D714-C682-4527-B0F4-53044B823C4F}.Debug|Any CPU.Build.0 = Debug|Any CPU
		{B596D714-C682-4527-B0F4-53044B823C4F}.Release|Any CPU.ActiveCfg = Release|Any CPU
		{B596D714-C682-4527-B0F4-53044B823C4F}.Release|Any CPU.Build.0 = Release|Any CPU
		{75299DB7-91F5-4318-BC97-049757C0E237}.Debug|Any CPU.ActiveCfg = Debug|Any CPU
		{75299DB7-91F5-4318-BC97-049757C0E237}.Debug|Any CPU.Build.0 = Debug|Any CPU
		{75299DB7-91F5-4318-BC97-049757C0E237}.Release|Any CPU.ActiveCfg = Release|Any CPU
		{75299DB7-91F5-4318-BC97-049757C0E237}.Release|Any CPU.Build.0 = Release|Any CPU
		{C400C96C-6DF0-4FD3-AE08-E118C18AC9E4}.Debug|Any CPU.ActiveCfg = Debug|Any CPU
		{C400C96C-6DF0-4FD3-AE08-E118C18AC9E4}.Debug|Any CPU.Build.0 = Debug|Any CPU
		{C400C96C-6DF0-4FD3-AE08-E118C18AC9E4}.Release|Any CPU.ActiveCfg = Release|Any CPU
		{C400C96C-6DF0-4FD3-AE08-E118C18AC9E4}.Release|Any CPU.Build.0 = Release|Any CPU
		{C2988DAA-4689-49D9-A608-386534319EC1}.Debug|Any CPU.ActiveCfg = Debug|Any CPU
		{C2988DAA-4689-49D9-A608-386534319EC1}.Debug|Any CPU.Build.0 = Debug|Any CPU
		{C2988DAA-4689-49D9-A608-386534319EC1}.Release|Any CPU.ActiveCfg = Release|Any CPU
		{C2988DAA-4689-49D9-A608-386534319EC1}.Release|Any CPU.Build.0 = Release|Any CPU
		{DC55B1E8-B644-42B3-9C43-75987970B096}.Debug|Any CPU.ActiveCfg = Debug|Any CPU
		{DC55B1E8-B644-42B3-9C43-75987970B096}.Debug|Any CPU.Build.0 = Debug|Any CPU
		{DC55B1E8-B644-42B3-9C43-75987970B096}.Release|Any CPU.ActiveCfg = Release|Any CPU
		{DC55B1E8-B644-42B3-9C43-75987970B096}.Release|Any CPU.Build.0 = Release|Any CPU
		{73C38B48-C00F-4AB8-BF5C-4E609F3B878F}.Debug|Any CPU.ActiveCfg = Debug|Any CPU
		{73C38B48-C00F-4AB8-BF5C-4E609F3B878F}.Debug|Any CPU.Build.0 = Debug|Any CPU
		{73C38B48-C00F-4AB8-BF5C-4E609F3B878F}.Release|Any CPU.ActiveCfg = Release|Any CPU
		{73C38B48-C00F-4AB8-BF5C-4E609F3B878F}.Release|Any CPU.Build.0 = Release|Any CPU
		{C502EAE2-4915-4FBD-82C3-5AF29DEFA5B4}.Debug|Any CPU.ActiveCfg = Debug|Any CPU
		{C502EAE2-4915-4FBD-82C3-5AF29DEFA5B4}.Debug|Any CPU.Build.0 = Debug|Any CPU
		{C502EAE2-4915-4FBD-82C3-5AF29DEFA5B4}.Release|Any CPU.ActiveCfg = Release|Any CPU
		{C502EAE2-4915-4FBD-82C3-5AF29DEFA5B4}.Release|Any CPU.Build.0 = Release|Any CPU
		{EE953408-DCA9-450D-905B-2C40790B0732}.Debug|Any CPU.ActiveCfg = Debug|Any CPU
		{EE953408-DCA9-450D-905B-2C40790B0732}.Debug|Any CPU.Build.0 = Debug|Any CPU
		{EE953408-DCA9-450D-905B-2C40790B0732}.Release|Any CPU.ActiveCfg = Release|Any CPU
		{EE953408-DCA9-450D-905B-2C40790B0732}.Release|Any CPU.Build.0 = Release|Any CPU
	EndGlobalSection
	GlobalSection(SolutionProperties) = preSolution
		HideSolutionNode = FALSE
	EndGlobalSection
	GlobalSection(NestedProjects) = preSolution
		{5B6E20EF-A5A0-44A3-A9C8-92CDF9E93DB7} = {DC76DAF9-D625-441B-90F2-327B83757B98}
		{C4A53292-EA54-47CF-A651-F27C7EFF83F3} = {DC76DAF9-D625-441B-90F2-327B83757B98}
		{66826F9B-2B86-4458-9D0F-6C14E9B07AB4} = {DC76DAF9-D625-441B-90F2-327B83757B98}
		{8527B5B6-5EC8-4211-90D3-9C88A01CEA62} = {DC76DAF9-D625-441B-90F2-327B83757B98}
		{695981A4-26E6-4368-8992-C12682EB4654} = {EF3A2062-AA72-43CB-9D5B-42E84E63BDD9}
		{335D588B-E254-4563-B34D-E4E4FFF4A716} = {DC76DAF9-D625-441B-90F2-327B83757B98}
		{E2A306D1-D11C-443B-B85E-D7C0FCEE91B0} = {BEFC7F00-5027-451C-9597-16DD1336E4F6}
		{9BFA1425-8D74-4DC6-8C9C-73B4B26BBE80} = {BEFC7F00-5027-451C-9597-16DD1336E4F6}
		{876922D3-482E-4F46-9673-4DF021D6653B} = {091AD5BE-6886-4D81-92FB-B701D3997995}
		{556B729C-CE82-4980-99EE-678D5672C39F} = {1AEA2659-C598-4E02-BA5C-AFFE5557BCAB}
		{C968610C-1D08-4BB4-BFE9-567AA4209670} = {091AD5BE-6886-4D81-92FB-B701D3997995}
		{B596D714-C682-4527-B0F4-53044B823C4F} = {1AEA2659-C598-4E02-BA5C-AFFE5557BCAB}
		{75299DB7-91F5-4318-BC97-049757C0E237} = {1AEA2659-C598-4E02-BA5C-AFFE5557BCAB}
		{C400C96C-6DF0-4FD3-AE08-E118C18AC9E4} = {1AEA2659-C598-4E02-BA5C-AFFE5557BCAB}
		{C2988DAA-4689-49D9-A608-386534319EC1} = {1AEA2659-C598-4E02-BA5C-AFFE5557BCAB}
		{DC55B1E8-B644-42B3-9C43-75987970B096} = {1AEA2659-C598-4E02-BA5C-AFFE5557BCAB}
		{73C38B48-C00F-4AB8-BF5C-4E609F3B878F} = {1AEA2659-C598-4E02-BA5C-AFFE5557BCAB}
		{C502EAE2-4915-4FBD-82C3-5AF29DEFA5B4} = {091AD5BE-6886-4D81-92FB-B701D3997995}
		{EE953408-DCA9-450D-905B-2C40790B0732} = {1AEA2659-C598-4E02-BA5C-AFFE5557BCAB}
	EndGlobalSection
	GlobalSection(ExtensibilityGlobals) = postSolution
		SolutionGuid = {4CC931B3-71B7-4DBF-9ABB-A9635CEAF0E1}
	EndGlobalSection
EndGlobal
