
Microsoft Visual Studio Solution File, Format Version 12.00
# Visual Studio Version 17
VisualStudioVersion = 17.6.33829.357
MinimumVisualStudioVersion = 10.0.40219.1
Project("{9A19103F-16F7-4668-BE54-9A1E7A4F7556}") = "LogHelper", "LogHelper.csproj", "{AA66A9AB-EC37-4029-9B72-4971DFCF9D35}"
EndProject
Project("{FAE04EC0-301F-11D3-BF4B-00C04F79EFBC}") = "WpfApp2", "..\WpfApp2\WpfApp2.csproj", "{E40BDEC3-8109-4C8B-AE59-F4E9265FD286}"
EndProject
Global
	GlobalSection(SolutionConfigurationPlatforms) = preSolution
		Debug|Any CPU = Debug|Any CPU
		Release|Any CPU = Release|Any CPU
	EndGlobalSection
	GlobalSection(ProjectConfigurationPlatforms) = postSolution
		{AA66A9AB-EC37-4029-9B72-4971DFCF9D35}.Debug|Any CPU.ActiveCfg = Debug|Any CPU
		{AA66A9AB-EC37-4029-9B72-4971DFCF9D35}.Debug|Any CPU.Build.0 = Debug|Any CPU
		{AA66A9AB-EC37-4029-9B72-4971DFCF9D35}.Release|Any CPU.ActiveCfg = Release|Any CPU
		{AA66A9AB-EC37-4029-9B72-4971DFCF9D35}.Release|Any CPU.Build.0 = Release|Any CPU
		{E40BDEC3-8109-4C8B-AE59-F4E9265FD286}.Debug|Any CPU.ActiveCfg = Debug|Any CPU
		{E40BDEC3-8109-4C8B-AE59-F4E9265FD286}.Debug|Any CPU.Build.0 = Debug|Any CPU
		{E40BDEC3-8109-4C8B-AE59-F4E9265FD286}.Release|Any CPU.ActiveCfg = Release|Any CPU
		{E40BDEC3-8109-4C8B-AE59-F4E9265FD286}.Release|Any CPU.Build.0 = Release|Any CPU
	EndGlobalSection
	GlobalSection(SolutionProperties) = preSolution
		HideSolutionNode = FALSE
	EndGlobalSection
	GlobalSection(ExtensibilityGlobals) = postSolution
		SolutionGuid = {7F02D1A5-0466-48A8-B56A-49E81CD27419}
	EndGlobalSection
EndGlobal
