
Microsoft Visual Studio Solution File, Format Version 12.00
# Visual Studio Version 17
VisualStudioVersion = 17.6.33829.357
MinimumVisualStudioVersion = 10.0.40219.1
Project("{FAE04EC0-301F-11D3-BF4B-00C04F79EFBC}") = "wpf1배포파일", "wpf1배포파일\wpf1배포파일.csproj", "{87C2B91A-8084-4CA6-B519-86578E2448E8}"
EndProject
Global
	GlobalSection(SolutionConfigurationPlatforms) = preSolution
		Debug|Any CPU = Debug|Any CPU
		Release|Any CPU = Release|Any CPU
	EndGlobalSection
	GlobalSection(ProjectConfigurationPlatforms) = postSolution
		{87C2B91A-8084-4CA6-B519-86578E2448E8}.Debug|Any CPU.ActiveCfg = Debug|Any CPU
		{87C2B91A-8084-4CA6-B519-86578E2448E8}.Debug|Any CPU.Build.0 = Debug|Any CPU
		{87C2B91A-8084-4CA6-B519-86578E2448E8}.Release|Any CPU.ActiveCfg = Release|Any CPU
		{87C2B91A-8084-4CA6-B519-86578E2448E8}.Release|Any CPU.Build.0 = Release|Any CPU
	EndGlobalSection
	GlobalSection(SolutionProperties) = preSolution
		HideSolutionNode = FALSE
	EndGlobalSection
	GlobalSection(ExtensibilityGlobals) = postSolution
		SolutionGuid = {1D932D69-37D6-46C1-959A-F3280DB61168}
	EndGlobalSection
EndGlobal
