
Microsoft Visual Studio Solution File, Format Version 12.00
# Visual Studio Version 17
VisualStudioVersion = 17.5.33502.453
MinimumVisualStudioVersion = 10.0.40219.1
Project("{9A19103F-16F7-4668-BE54-9A1E7A4F7556}") = "WpfExplorer", "WpfExplorer.csproj", "{1BF69B08-195E-4E9F-BEF5-D42346561F41}"
EndProject
Project("{FAE04EC0-301F-11D3-BF4B-00C04F79EFBC}") = "WpfExplorer.Support", "..\WpfExplorer.Support\WpfExplorer.Support.csproj", "{91BD61D4-96A7-49E9-9BA8-AE64EDA6AB25}"
EndProject
Project("{FAE04EC0-301F-11D3-BF4B-00C04F79EFBC}") = "WpfExplorer.Forms", "..\WpfExplorer.Forms\WpfExplorer.Forms.csproj", "{E3778DA3-4225-4950-9A67-07EA4D770EC8}"
EndProject
Global
	GlobalSection(SolutionConfigurationPlatforms) = preSolution
		Debug|Any CPU = Debug|Any CPU
		Release|Any CPU = Release|Any CPU
	EndGlobalSection
	GlobalSection(ProjectConfigurationPlatforms) = postSolution
		{1BF69B08-195E-4E9F-BEF5-D42346561F41}.Debug|Any CPU.ActiveCfg = Debug|Any CPU
		{1BF69B08-195E-4E9F-BEF5-D42346561F41}.Debug|Any CPU.Build.0 = Debug|Any CPU
		{1BF69B08-195E-4E9F-BEF5-D42346561F41}.Release|Any CPU.ActiveCfg = Release|Any CPU
		{1BF69B08-195E-4E9F-BEF5-D42346561F41}.Release|Any CPU.Build.0 = Release|Any CPU
		{91BD61D4-96A7-49E9-9BA8-AE64EDA6AB25}.Debug|Any CPU.ActiveCfg = Debug|Any CPU
		{91BD61D4-96A7-49E9-9BA8-AE64EDA6AB25}.Debug|Any CPU.Build.0 = Debug|Any CPU
		{91BD61D4-96A7-49E9-9BA8-AE64EDA6AB25}.Release|Any CPU.ActiveCfg = Release|Any CPU
		{91BD61D4-96A7-49E9-9BA8-AE64EDA6AB25}.Release|Any CPU.Build.0 = Release|Any CPU
		{E3778DA3-4225-4950-9A67-07EA4D770EC8}.Debug|Any CPU.ActiveCfg = Debug|Any CPU
		{E3778DA3-4225-4950-9A67-07EA4D770EC8}.Debug|Any CPU.Build.0 = Debug|Any CPU
		{E3778DA3-4225-4950-9A67-07EA4D770EC8}.Release|Any CPU.ActiveCfg = Release|Any CPU
		{E3778DA3-4225-4950-9A67-07EA4D770EC8}.Release|Any CPU.Build.0 = Release|Any CPU
	EndGlobalSection
	GlobalSection(SolutionProperties) = preSolution
		HideSolutionNode = FALSE
	EndGlobalSection
	GlobalSection(ExtensibilityGlobals) = postSolution
		SolutionGuid = {32D0B9FD-A331-42CD-B025-6F157E3238AC}
	EndGlobalSection
EndGlobal
